
Microsoft Visual Studio Solution File, Format Version 12.00
# Visual Studio Version 16
VisualStudioVersion = 16.0.29728.190
MinimumVisualStudioVersion = 10.0.40219.1
Project("{9A19103F-16F7-4668-BE54-9A1E7A4F7556}") = "H_EstateAgency2", "H_EstateAgency2\H_EstateAgency2.csproj", "{7523F2D5-FEF6-49C4-B4E9-FDB1486AFCA8}"
EndProject
Project("{2150E333-8FDC-42A3-9474-1A3956D46DE8}") = "Solution Items", "Solution Items", "{4F5EF014-48BC-42ED-9A32-78F200803A6B}"
	ProjectSection(SolutionItems) = preProject
		.editorconfig = .editorconfig
	EndProjectSection
EndProject
Global
	GlobalSection(SolutionConfigurationPlatforms) = preSolution
		Debug|Any CPU = Debug|Any CPU
		Release|Any CPU = Release|Any CPU
	EndGlobalSection
	GlobalSection(ProjectConfigurationPlatforms) = postSolution
		{7523F2D5-FEF6-49C4-B4E9-FDB1486AFCA8}.Debug|Any CPU.ActiveCfg = Debug|Any CPU
		{7523F2D5-FEF6-49C4-B4E9-FDB1486AFCA8}.Debug|Any CPU.Build.0 = Debug|Any CPU
		{7523F2D5-FEF6-49C4-B4E9-FDB1486AFCA8}.Release|Any CPU.ActiveCfg = Release|Any CPU
		{7523F2D5-FEF6-49C4-B4E9-FDB1486AFCA8}.Release|Any CPU.Build.0 = Release|Any CPU
	EndGlobalSection
	GlobalSection(SolutionProperties) = preSolution
		HideSolutionNode = FALSE
	EndGlobalSection
	GlobalSection(ExtensibilityGlobals) = postSolution
		SolutionGuid = {94B066F3-9F9E-40C0-9570-DCF8420211F1}
	EndGlobalSection
EndGlobal
